
Microsoft Visual Studio Solution File, Format Version 12.00
# Visual Studio 2012
VisualStudioVersion = 12.0.30324.0
MinimumVisualStudioVersion = 10.0.40219.1
Project("{FAE04EC0-301F-11D3-BF4B-00C04F79EFBC}") = "MarkdownDeep", "MarkdownDeep\MarkdownDeep.csproj", "{1569ED47-C7C9-4261-B6F4-7445BD0F2C95}"
EndProject
Project("{FAE04EC0-301F-11D3-BF4B-00C04F79EFBC}") = "OneDrive.ApiDocumentation.Windows", "ApiDocumentationTester\OneDrive.ApiDocumentation.Windows.csproj", "{53A12F19-7C03-4E61-A34E-ADC5C211DE6E}"
EndProject
Project("{FAE04EC0-301F-11D3-BF4B-00C04F79EFBC}") = "MicrosoftAccountSDK.Windows", "MicrosoftAccountSDK.Windows\MicrosoftAccountSDK.Windows.csproj", "{9E9F37BE-3CB5-4124-8B7C-E60C4AB90ECF}"
EndProject
Project("{FAE04EC0-301F-11D3-BF4B-00C04F79EFBC}") = "OneDrive.ApiDocumentation.Validation", "OneDrive.ApiDocumentation.Validation\OneDrive.ApiDocumentation.Validation.csproj", "{33B10320-3802-49CF-8965-3510AE66D5EC}"
EndProject
Project("{FAE04EC0-301F-11D3-BF4B-00C04F79EFBC}") = "OneDrive.ApiDocumentation.Console", "OneDrive.ApiDocumentation.CommandLine\OneDrive.ApiDocumentation.Console.csproj", "{A6F3993F-59C6-4985-ACF1-4D837D61E98F}"
EndProject
Project("{FAE04EC0-301F-11D3-BF4B-00C04F79EFBC}") = "OneDrive.UnitTests.ApiDocumentation.Validation", "OneDrive.UnitTests.ApiDocumentation.Validation\OneDrive.UnitTests.ApiDocumentation.Validation.csproj", "{EE3453F1-FD69-406C-9BD7-0643D6E999F3}"
EndProject
Project("{2150E333-8FDC-42A3-9474-1A3956D46DE8}") = "Solution Items", "Solution Items", "{464F5D09-2636-459F-96C9-C968FF4CA7B5}"
	ProjectSection(SolutionItems) = preProject
		readme.md = readme.md
	EndProjectSection
EndProject
Project("{2150E333-8FDC-42A3-9474-1A3956D46DE8}") = ".nuget", ".nuget", "{8B341090-0532-4212-A3BD-A14886B39AF1}"
	ProjectSection(SolutionItems) = preProject
		.nuget\NuGet.Config = .nuget\NuGet.Config
		.nuget\NuGet.exe = .nuget\NuGet.exe
		.nuget\NuGet.targets = .nuget\NuGet.targets
	EndProjectSection
EndProject
Global
	GlobalSection(SolutionConfigurationPlatforms) = preSolution
		Debug|Any CPU = Debug|Any CPU
		Debug|Mixed Platforms = Debug|Mixed Platforms
		Debug|x86 = Debug|x86
		Release|Any CPU = Release|Any CPU
		Release|Mixed Platforms = Release|Mixed Platforms
		Release|x86 = Release|x86
	EndGlobalSection
	GlobalSection(ProjectConfigurationPlatforms) = postSolution
		{1569ED47-C7C9-4261-B6F4-7445BD0F2C95}.Debug|Any CPU.ActiveCfg = Debug|Any CPU
		{1569ED47-C7C9-4261-B6F4-7445BD0F2C95}.Debug|Any CPU.Build.0 = Debug|Any CPU
		{1569ED47-C7C9-4261-B6F4-7445BD0F2C95}.Debug|Mixed Platforms.ActiveCfg = Debug|Any CPU
		{1569ED47-C7C9-4261-B6F4-7445BD0F2C95}.Debug|Mixed Platforms.Build.0 = Debug|Any CPU
		{1569ED47-C7C9-4261-B6F4-7445BD0F2C95}.Debug|x86.ActiveCfg = Debug|Any CPU
		{1569ED47-C7C9-4261-B6F4-7445BD0F2C95}.Debug|x86.Build.0 = Debug|Any CPU
		{1569ED47-C7C9-4261-B6F4-7445BD0F2C95}.Release|Any CPU.ActiveCfg = Release|Any CPU
		{1569ED47-C7C9-4261-B6F4-7445BD0F2C95}.Release|Any CPU.Build.0 = Release|Any CPU
		{1569ED47-C7C9-4261-B6F4-7445BD0F2C95}.Release|Mixed Platforms.ActiveCfg = Release|Any CPU
		{1569ED47-C7C9-4261-B6F4-7445BD0F2C95}.Release|Mixed Platforms.Build.0 = Release|Any CPU
		{1569ED47-C7C9-4261-B6F4-7445BD0F2C95}.Release|x86.ActiveCfg = Release|Any CPU
		{1569ED47-C7C9-4261-B6F4-7445BD0F2C95}.Release|x86.Build.0 = Release|Any CPU
		{33B10320-3802-49CF-8965-3510AE66D5EC}.Debug|Any CPU.ActiveCfg = Debug|Any CPU
		{33B10320-3802-49CF-8965-3510AE66D5EC}.Debug|Any CPU.Build.0 = Debug|Any CPU
		{33B10320-3802-49CF-8965-3510AE66D5EC}.Debug|Mixed Platforms.ActiveCfg = Debug|Any CPU
		{33B10320-3802-49CF-8965-3510AE66D5EC}.Debug|Mixed Platforms.Build.0 = Debug|Any CPU
		{33B10320-3802-49CF-8965-3510AE66D5EC}.Debug|x86.ActiveCfg = Debug|Any CPU
		{33B10320-3802-49CF-8965-3510AE66D5EC}.Release|Any CPU.ActiveCfg = Release|Any CPU
		{33B10320-3802-49CF-8965-3510AE66D5EC}.Release|Any CPU.Build.0 = Release|Any CPU
		{33B10320-3802-49CF-8965-3510AE66D5EC}.Release|Mixed Platforms.ActiveCfg = Release|Any CPU
		{33B10320-3802-49CF-8965-3510AE66D5EC}.Release|Mixed Platforms.Build.0 = Release|Any CPU
		{33B10320-3802-49CF-8965-3510AE66D5EC}.Release|x86.ActiveCfg = Release|Any CPU
		{53A12F19-7C03-4E61-A34E-ADC5C211DE6E}.Debug|Any CPU.ActiveCfg = Debug|Any CPU
		{53A12F19-7C03-4E61-A34E-ADC5C211DE6E}.Debug|Any CPU.Build.0 = Debug|Any CPU
		{53A12F19-7C03-4E61-A34E-ADC5C211DE6E}.Debug|Mixed Platforms.ActiveCfg = Debug|Any CPU
		{53A12F19-7C03-4E61-A34E-ADC5C211DE6E}.Debug|Mixed Platforms.Build.0 = Debug|Any CPU
		{53A12F19-7C03-4E61-A34E-ADC5C211DE6E}.Debug|x86.ActiveCfg = Debug|Any CPU
		{53A12F19-7C03-4E61-A34E-ADC5C211DE6E}.Release|Any CPU.ActiveCfg = Release|Any CPU
		{53A12F19-7C03-4E61-A34E-ADC5C211DE6E}.Release|Any CPU.Build.0 = Release|Any CPU
		{53A12F19-7C03-4E61-A34E-ADC5C211DE6E}.Release|Mixed Platforms.ActiveCfg = Release|Any CPU
		{53A12F19-7C03-4E61-A34E-ADC5C211DE6E}.Release|Mixed Platforms.Build.0 = Release|Any CPU
		{53A12F19-7C03-4E61-A34E-ADC5C211DE6E}.Release|x86.ActiveCfg = Release|Any CPU
		{9E9F37BE-3CB5-4124-8B7C-E60C4AB90ECF}.Debug|Any CPU.ActiveCfg = Debug|Any CPU
		{9E9F37BE-3CB5-4124-8B7C-E60C4AB90ECF}.Debug|Any CPU.Build.0 = Debug|Any CPU
		{9E9F37BE-3CB5-4124-8B7C-E60C4AB90ECF}.Debug|Mixed Platforms.ActiveCfg = Debug|Any CPU
		{9E9F37BE-3CB5-4124-8B7C-E60C4AB90ECF}.Debug|Mixed Platforms.Build.0 = Debug|Any CPU
		{9E9F37BE-3CB5-4124-8B7C-E60C4AB90ECF}.Debug|x86.ActiveCfg = Debug|Any CPU
		{9E9F37BE-3CB5-4124-8B7C-E60C4AB90ECF}.Release|Any CPU.ActiveCfg = Release|Any CPU
		{9E9F37BE-3CB5-4124-8B7C-E60C4AB90ECF}.Release|Any CPU.Build.0 = Release|Any CPU
		{9E9F37BE-3CB5-4124-8B7C-E60C4AB90ECF}.Release|Mixed Platforms.ActiveCfg = Release|Any CPU
		{9E9F37BE-3CB5-4124-8B7C-E60C4AB90ECF}.Release|Mixed Platforms.Build.0 = Release|Any CPU
		{9E9F37BE-3CB5-4124-8B7C-E60C4AB90ECF}.Release|x86.ActiveCfg = Release|Any CPU
		{A6F3993F-59C6-4985-ACF1-4D837D61E98F}.Debug|Any CPU.ActiveCfg = Debug|Any CPU
		{A6F3993F-59C6-4985-ACF1-4D837D61E98F}.Debug|Any CPU.Build.0 = Debug|Any CPU
		{A6F3993F-59C6-4985-ACF1-4D837D61E98F}.Debug|Mixed Platforms.ActiveCfg = Debug|Any CPU
		{A6F3993F-59C6-4985-ACF1-4D837D61E98F}.Debug|Mixed Platforms.Build.0 = Debug|Any CPU
		{A6F3993F-59C6-4985-ACF1-4D837D61E98F}.Debug|x86.ActiveCfg = Debug|Any CPU
		{A6F3993F-59C6-4985-ACF1-4D837D61E98F}.Release|Any CPU.ActiveCfg = Release|Any CPU
		{A6F3993F-59C6-4985-ACF1-4D837D61E98F}.Release|Any CPU.Build.0 = Release|Any CPU
		{A6F3993F-59C6-4985-ACF1-4D837D61E98F}.Release|Mixed Platforms.ActiveCfg = Release|Any CPU
		{A6F3993F-59C6-4985-ACF1-4D837D61E98F}.Release|Mixed Platforms.Build.0 = Release|Any CPU
		{A6F3993F-59C6-4985-ACF1-4D837D61E98F}.Release|x86.ActiveCfg = Release|Any CPU
		{EE3453F1-FD69-406C-9BD7-0643D6E999F3}.Debug|Any CPU.ActiveCfg = Debug|Any CPU
		{EE3453F1-FD69-406C-9BD7-0643D6E999F3}.Debug|Any CPU.Build.0 = Debug|Any CPU
		{EE3453F1-FD69-406C-9BD7-0643D6E999F3}.Debug|Mixed Platforms.ActiveCfg = Debug|Any CPU
		{EE3453F1-FD69-406C-9BD7-0643D6E999F3}.Debug|Mixed Platforms.Build.0 = Debug|Any CPU
		{EE3453F1-FD69-406C-9BD7-0643D6E999F3}.Debug|x86.ActiveCfg = Debug|Any CPU
		{EE3453F1-FD69-406C-9BD7-0643D6E999F3}.Release|Any CPU.ActiveCfg = Release|Any CPU
		{EE3453F1-FD69-406C-9BD7-0643D6E999F3}.Release|Any CPU.Build.0 = Release|Any CPU
		{EE3453F1-FD69-406C-9BD7-0643D6E999F3}.Release|Mixed Platforms.ActiveCfg = Release|Any CPU
		{EE3453F1-FD69-406C-9BD7-0643D6E999F3}.Release|Mixed Platforms.Build.0 = Release|Any CPU
		{EE3453F1-FD69-406C-9BD7-0643D6E999F3}.Release|x86.ActiveCfg = Release|Any CPU
	EndGlobalSection
	GlobalSection(NestedProjects) = preSolution
	EndGlobalSection
	GlobalSection(MonoDevelopProperties) = preSolution
		StartupItem = OneDrive.ApiDocumentation.CommandLine\OneDrive.ApiDocumentation.Console.csproj
	EndGlobalSection
	GlobalSection(SolutionProperties) = preSolution
		HideSolutionNode = FALSE
	EndGlobalSection
EndGlobal
