
Microsoft Visual Studio Solution File, Format Version 12.00
# Visual Studio 2013
VisualStudioVersion = 12.0.30723.0
MinimumVisualStudioVersion = 10.0.40219.1
Project("{FAE04EC0-301F-11D3-BF4B-00C04F79EFBC}") = "MarkdownScanner", "MarkdownScanner\MarkdownScanner.csproj", "{1132B343-0084-4997-8CF0-7553800453DD}"
EndProject
Project("{FAE04EC0-301F-11D3-BF4B-00C04F79EFBC}") = "MarkdownDeep", "MarkdownDeep\MarkdownDeep.csproj", "{1569ED47-C7C9-4261-B6F4-7445BD0F2C95}"
EndProject
Project("{FAE04EC0-301F-11D3-BF4B-00C04F79EFBC}") = "ApiDocumentationTester", "ApiDocumentationTester\ApiDocumentationTester.csproj", "{53A12F19-7C03-4E61-A34E-ADC5C211DE6E}"
EndProject
Project("{FAE04EC0-301F-11D3-BF4B-00C04F79EFBC}") = "MicrosoftAccountSDK.Windows", "..\vroom-windows-client\MicrosoftAccountSDK.Windows\MicrosoftAccountSDK.Windows.csproj", "{9E9F37BE-3CB5-4124-8B7C-E60C4AB90ECF}"
EndProject
Project("{FAE04EC0-301F-11D3-BF4B-00C04F79EFBC}") = "OneDrive.ApiDocumentation.Validation", "OneDrive.ApiDocumentation.Validation\OneDrive.ApiDocumentation.Validation.csproj", "{33B10320-3802-49CF-8965-3510AE66D5EC}"
EndProject
Global
	GlobalSection(SolutionConfigurationPlatforms) = preSolution
		Debug|Any CPU = Debug|Any CPU
		Debug|Mixed Platforms = Debug|Mixed Platforms
		Debug|x86 = Debug|x86
		Release|Any CPU = Release|Any CPU
		Release|Mixed Platforms = Release|Mixed Platforms
		Release|x86 = Release|x86
	EndGlobalSection
	GlobalSection(ProjectConfigurationPlatforms) = postSolution
		{1132B343-0084-4997-8CF0-7553800453DD}.Debug|Any CPU.ActiveCfg = Debug|x86
		{1132B343-0084-4997-8CF0-7553800453DD}.Debug|Mixed Platforms.ActiveCfg = Debug|x86
		{1132B343-0084-4997-8CF0-7553800453DD}.Debug|Mixed Platforms.Build.0 = Debug|x86
		{1132B343-0084-4997-8CF0-7553800453DD}.Debug|x86.ActiveCfg = Debug|x86
		{1132B343-0084-4997-8CF0-7553800453DD}.Debug|x86.Build.0 = Debug|x86
		{1132B343-0084-4997-8CF0-7553800453DD}.Release|Any CPU.ActiveCfg = Release|x86
		{1132B343-0084-4997-8CF0-7553800453DD}.Release|Mixed Platforms.ActiveCfg = Release|x86
		{1132B343-0084-4997-8CF0-7553800453DD}.Release|Mixed Platforms.Build.0 = Release|x86
		{1132B343-0084-4997-8CF0-7553800453DD}.Release|x86.ActiveCfg = Release|x86
		{1132B343-0084-4997-8CF0-7553800453DD}.Release|x86.Build.0 = Release|x86
		{1569ED47-C7C9-4261-B6F4-7445BD0F2C95}.Debug|Any CPU.ActiveCfg = Debug|Any CPU
		{1569ED47-C7C9-4261-B6F4-7445BD0F2C95}.Debug|Any CPU.Build.0 = Debug|Any CPU
		{1569ED47-C7C9-4261-B6F4-7445BD0F2C95}.Debug|Mixed Platforms.ActiveCfg = Debug|Any CPU
		{1569ED47-C7C9-4261-B6F4-7445BD0F2C95}.Debug|Mixed Platforms.Build.0 = Debug|Any CPU
		{1569ED47-C7C9-4261-B6F4-7445BD0F2C95}.Debug|x86.ActiveCfg = Debug|Any CPU
		{1569ED47-C7C9-4261-B6F4-7445BD0F2C95}.Debug|x86.Build.0 = Debug|Any CPU
		{1569ED47-C7C9-4261-B6F4-7445BD0F2C95}.Release|Any CPU.ActiveCfg = Release|Any CPU
		{1569ED47-C7C9-4261-B6F4-7445BD0F2C95}.Release|Any CPU.Build.0 = Release|Any CPU
		{1569ED47-C7C9-4261-B6F4-7445BD0F2C95}.Release|Mixed Platforms.ActiveCfg = Release|Any CPU
		{1569ED47-C7C9-4261-B6F4-7445BD0F2C95}.Release|Mixed Platforms.Build.0 = Release|Any CPU
		{1569ED47-C7C9-4261-B6F4-7445BD0F2C95}.Release|x86.ActiveCfg = Release|Any CPU
		{1569ED47-C7C9-4261-B6F4-7445BD0F2C95}.Release|x86.Build.0 = Release|Any CPU
		{53A12F19-7C03-4E61-A34E-ADC5C211DE6E}.Debug|Any CPU.ActiveCfg = Debug|Any CPU
		{53A12F19-7C03-4E61-A34E-ADC5C211DE6E}.Debug|Any CPU.Build.0 = Debug|Any CPU
		{53A12F19-7C03-4E61-A34E-ADC5C211DE6E}.Debug|Mixed Platforms.ActiveCfg = Debug|Any CPU
		{53A12F19-7C03-4E61-A34E-ADC5C211DE6E}.Debug|Mixed Platforms.Build.0 = Debug|Any CPU
		{53A12F19-7C03-4E61-A34E-ADC5C211DE6E}.Debug|x86.ActiveCfg = Debug|Any CPU
		{53A12F19-7C03-4E61-A34E-ADC5C211DE6E}.Release|Any CPU.ActiveCfg = Release|Any CPU
		{53A12F19-7C03-4E61-A34E-ADC5C211DE6E}.Release|Any CPU.Build.0 = Release|Any CPU
		{53A12F19-7C03-4E61-A34E-ADC5C211DE6E}.Release|Mixed Platforms.ActiveCfg = Release|Any CPU
		{53A12F19-7C03-4E61-A34E-ADC5C211DE6E}.Release|Mixed Platforms.Build.0 = Release|Any CPU
		{53A12F19-7C03-4E61-A34E-ADC5C211DE6E}.Release|x86.ActiveCfg = Release|Any CPU
		{9E9F37BE-3CB5-4124-8B7C-E60C4AB90ECF}.Debug|Any CPU.ActiveCfg = Debug|Any CPU
		{9E9F37BE-3CB5-4124-8B7C-E60C4AB90ECF}.Debug|Any CPU.Build.0 = Debug|Any CPU
		{9E9F37BE-3CB5-4124-8B7C-E60C4AB90ECF}.Debug|Mixed Platforms.ActiveCfg = Debug|Any CPU
		{9E9F37BE-3CB5-4124-8B7C-E60C4AB90ECF}.Debug|Mixed Platforms.Build.0 = Debug|Any CPU
		{9E9F37BE-3CB5-4124-8B7C-E60C4AB90ECF}.Debug|x86.ActiveCfg = Debug|Any CPU
		{9E9F37BE-3CB5-4124-8B7C-E60C4AB90ECF}.Release|Any CPU.ActiveCfg = Release|Any CPU
		{9E9F37BE-3CB5-4124-8B7C-E60C4AB90ECF}.Release|Any CPU.Build.0 = Release|Any CPU
		{9E9F37BE-3CB5-4124-8B7C-E60C4AB90ECF}.Release|Mixed Platforms.ActiveCfg = Release|Any CPU
		{9E9F37BE-3CB5-4124-8B7C-E60C4AB90ECF}.Release|Mixed Platforms.Build.0 = Release|Any CPU
		{9E9F37BE-3CB5-4124-8B7C-E60C4AB90ECF}.Release|x86.ActiveCfg = Release|Any CPU
		{33B10320-3802-49CF-8965-3510AE66D5EC}.Debug|Any CPU.ActiveCfg = Debug|Any CPU
		{33B10320-3802-49CF-8965-3510AE66D5EC}.Debug|Any CPU.Build.0 = Debug|Any CPU
		{33B10320-3802-49CF-8965-3510AE66D5EC}.Debug|Mixed Platforms.ActiveCfg = Debug|Any CPU
		{33B10320-3802-49CF-8965-3510AE66D5EC}.Debug|Mixed Platforms.Build.0 = Debug|Any CPU
		{33B10320-3802-49CF-8965-3510AE66D5EC}.Debug|x86.ActiveCfg = Debug|Any CPU
		{33B10320-3802-49CF-8965-3510AE66D5EC}.Release|Any CPU.ActiveCfg = Release|Any CPU
		{33B10320-3802-49CF-8965-3510AE66D5EC}.Release|Any CPU.Build.0 = Release|Any CPU
		{33B10320-3802-49CF-8965-3510AE66D5EC}.Release|Mixed Platforms.ActiveCfg = Release|Any CPU
		{33B10320-3802-49CF-8965-3510AE66D5EC}.Release|Mixed Platforms.Build.0 = Release|Any CPU
		{33B10320-3802-49CF-8965-3510AE66D5EC}.Release|x86.ActiveCfg = Release|Any CPU
	EndGlobalSection
	GlobalSection(SolutionProperties) = preSolution
		HideSolutionNode = FALSE
	EndGlobalSection
	GlobalSection(MonoDevelopProperties) = preSolution
		StartupItem = ApiDocumentationTester\ApiDocumentationTester.csproj
	EndGlobalSection
EndGlobal
